
Microsoft Visual Studio Solution File, Format Version 12.00
# Visual Studio 15
VisualStudioVersion = 15.0.25920.0
MinimumVisualStudioVersion = 10.0.40219.1
Project("{9A19103F-16F7-4668-BE54-9A1E7A4F7556}") = "SalesTax", "SalesTax\SalesTax.csproj", "{0EDCCC68-DFBA-4B49-94B4-8896D15166A6}"
EndProject
Project("{9A19103F-16F7-4668-BE54-9A1E7A4F7556}") = "SalesTax.Tests", "SalesTax.Tests\SalesTax.Tests.csproj", "{9BE5BAB1-178A-4343-8FCD-090EF6DF11FA}"
EndProject
Project("{9A19103F-16F7-4668-BE54-9A1E7A4F7556}") = "SalesTax.Core", "SalesTax.Core\SalesTax.Core.csproj", "{3B243F9A-2C6C-444E-8A7C-23711F9BCBF5}"
EndProject
Project("{2150E333-8FDC-42A3-9474-1A3956D46DE8}") = "Solution Items", "Solution Items", "{6C254200-947B-4DE0-8AAF-EC57CD139BA8}"
	ProjectSection(SolutionItems) = preProject
		LICENSE = LICENSE
		README.md = README.md
	EndProjectSection
EndProject
Global
	GlobalSection(SolutionConfigurationPlatforms) = preSolution
		Debug|Any CPU = Debug|Any CPU
		Release|Any CPU = Release|Any CPU
	EndGlobalSection
	GlobalSection(ProjectConfigurationPlatforms) = postSolution
		{0EDCCC68-DFBA-4B49-94B4-8896D15166A6}.Debug|Any CPU.ActiveCfg = Debug|Any CPU
		{0EDCCC68-DFBA-4B49-94B4-8896D15166A6}.Debug|Any CPU.Build.0 = Debug|Any CPU
		{0EDCCC68-DFBA-4B49-94B4-8896D15166A6}.Release|Any CPU.ActiveCfg = Release|Any CPU
		{0EDCCC68-DFBA-4B49-94B4-8896D15166A6}.Release|Any CPU.Build.0 = Release|Any CPU
		{9BE5BAB1-178A-4343-8FCD-090EF6DF11FA}.Debug|Any CPU.ActiveCfg = Debug|Any CPU
		{9BE5BAB1-178A-4343-8FCD-090EF6DF11FA}.Debug|Any CPU.Build.0 = Debug|Any CPU
		{9BE5BAB1-178A-4343-8FCD-090EF6DF11FA}.Release|Any CPU.ActiveCfg = Release|Any CPU
		{9BE5BAB1-178A-4343-8FCD-090EF6DF11FA}.Release|Any CPU.Build.0 = Release|Any CPU
		{3B243F9A-2C6C-444E-8A7C-23711F9BCBF5}.Debug|Any CPU.ActiveCfg = Debug|Any CPU
		{3B243F9A-2C6C-444E-8A7C-23711F9BCBF5}.Debug|Any CPU.Build.0 = Debug|Any CPU
		{3B243F9A-2C6C-444E-8A7C-23711F9BCBF5}.Release|Any CPU.ActiveCfg = Release|Any CPU
		{3B243F9A-2C6C-444E-8A7C-23711F9BCBF5}.Release|Any CPU.Build.0 = Release|Any CPU
	EndGlobalSection
	GlobalSection(SolutionProperties) = preSolution
		HideSolutionNode = FALSE
	EndGlobalSection
EndGlobal
